
Microsoft Visual Studio Solution File, Format Version 12.00
# Visual Studio Version 17
VisualStudioVersion = 17.3.32901.215
MinimumVisualStudioVersion = 10.0.40219.1
Project("{9A19103F-16F7-4668-BE54-9A1E7A4F7556}") = "OwnWebApiTest", "OwnWebApiTest.csproj", "{23B56E19-BDF5-4272-BEB1-80C0CE5EC457}"
EndProject
Global
	GlobalSection(SolutionConfigurationPlatforms) = preSolution
		Debug|Any CPU = Debug|Any CPU
		Release|Any CPU = Release|Any CPU
	EndGlobalSection
	GlobalSection(ProjectConfigurationPlatforms) = postSolution
		{23B56E19-BDF5-4272-BEB1-80C0CE5EC457}.Debug|Any CPU.ActiveCfg = Debug|Any CPU
		{23B56E19-BDF5-4272-BEB1-80C0CE5EC457}.Debug|Any CPU.Build.0 = Debug|Any CPU
		{23B56E19-BDF5-4272-BEB1-80C0CE5EC457}.Release|Any CPU.ActiveCfg = Release|Any CPU
		{23B56E19-BDF5-4272-BEB1-80C0CE5EC457}.Release|Any CPU.Build.0 = Release|Any CPU
	EndGlobalSection
	GlobalSection(SolutionProperties) = preSolution
		HideSolutionNode = FALSE
	EndGlobalSection
	GlobalSection(ExtensibilityGlobals) = postSolution
		SolutionGuid = {5127105F-8711-49E8-834C-0E742A9D392E}
	EndGlobalSection
EndGlobal
